
Microsoft Visual Studio Solution File, Format Version 12.00
# Visual Studio Version 16
VisualStudioVersion = 16.0.31515.178
MinimumVisualStudioVersion = 10.0.40219.1
Project("{FAE04EC0-301F-11D3-BF4B-00C04F79EFBC}") = "IEBroker.net46", "IEBroker.net46\IEBroker.net46.csproj", "{A1615BAB-F230-4239-B89A-A6A9107DD6D8}"
EndProject
Global
	GlobalSection(SolutionConfigurationPlatforms) = preSolution
		Debug|Any CPU = Debug|Any CPU
		Release|Any CPU = Release|Any CPU
	EndGlobalSection
	GlobalSection(ProjectConfigurationPlatforms) = postSolution
		{A1615BAB-F230-4239-B89A-A6A9107DD6D8}.Debug|Any CPU.ActiveCfg = Debug|Any CPU
		{A1615BAB-F230-4239-B89A-A6A9107DD6D8}.Debug|Any CPU.Build.0 = Debug|Any CPU
		{A1615BAB-F230-4239-B89A-A6A9107DD6D8}.Release|Any CPU.ActiveCfg = Release|Any CPU
		{A1615BAB-F230-4239-B89A-A6A9107DD6D8}.Release|Any CPU.Build.0 = Release|Any CPU
	EndGlobalSection
	GlobalSection(SolutionProperties) = preSolution
		HideSolutionNode = FALSE
	EndGlobalSection
	GlobalSection(ExtensibilityGlobals) = postSolution
		SolutionGuid = {EE40EA29-150D-4768-826B-21F577460765}
	EndGlobalSection
EndGlobal
